
Microsoft Visual Studio Solution File, Format Version 12.00
# Visual Studio 15
VisualStudioVersion = 15.0.27130.2010
MinimumVisualStudioVersion = 10.0.40219.1
Project("{8BC9CEB8-8B4A-11D0-8D11-00A0C91BC942}") = "PELoader.EXE", "PELoader.EXE\PELoader.EXE.vcxproj", "{E706B111-77AD-481A-825A-4493C7AF3027}"
	ProjectSection(ProjectDependencies) = postProject
		{C10EC62B-3687-4BCC-A25B-2E3A16DD44B3} = {C10EC62B-3687-4BCC-A25B-2E3A16DD44B3}
	EndProjectSection
EndProject
Project("{8BC9CEB8-8B4A-11D0-8D11-00A0C91BC942}") = "loader", "loader\loader.vcxproj", "{C10EC62B-3687-4BCC-A25B-2E3A16DD44B3}"
EndProject
Project("{8BC9CEB8-8B4A-11D0-8D11-00A0C91BC942}") = "TestDLLNoReloc", "TestDLLNoReloc\TestDLLNoReloc.vcxproj", "{1A54DCB3-6DE8-484C-9A34-98044375B9D5}"
EndProject
Global
	GlobalSection(SolutionConfigurationPlatforms) = preSolution
		Debug|x64 = Debug|x64
		Debug|x86 = Debug|x86
		Release|x64 = Release|x64
		Release|x86 = Release|x86
	EndGlobalSection
	GlobalSection(ProjectConfigurationPlatforms) = postSolution
		{E706B111-77AD-481A-825A-4493C7AF3027}.Debug|x64.ActiveCfg = Debug|x64
		{E706B111-77AD-481A-825A-4493C7AF3027}.Debug|x64.Build.0 = Debug|x64
		{E706B111-77AD-481A-825A-4493C7AF3027}.Debug|x86.ActiveCfg = Debug|Win32
		{E706B111-77AD-481A-825A-4493C7AF3027}.Debug|x86.Build.0 = Debug|Win32
		{E706B111-77AD-481A-825A-4493C7AF3027}.Release|x64.ActiveCfg = Release|x64
		{E706B111-77AD-481A-825A-4493C7AF3027}.Release|x64.Build.0 = Release|x64
		{E706B111-77AD-481A-825A-4493C7AF3027}.Release|x86.ActiveCfg = Release|Win32
		{E706B111-77AD-481A-825A-4493C7AF3027}.Release|x86.Build.0 = Release|Win32
		{C10EC62B-3687-4BCC-A25B-2E3A16DD44B3}.Debug|x64.ActiveCfg = Debug|x64
		{C10EC62B-3687-4BCC-A25B-2E3A16DD44B3}.Debug|x64.Build.0 = Debug|x64
		{C10EC62B-3687-4BCC-A25B-2E3A16DD44B3}.Debug|x86.ActiveCfg = Debug|Win32
		{C10EC62B-3687-4BCC-A25B-2E3A16DD44B3}.Debug|x86.Build.0 = Debug|Win32
		{C10EC62B-3687-4BCC-A25B-2E3A16DD44B3}.Release|x64.ActiveCfg = Release|x64
		{C10EC62B-3687-4BCC-A25B-2E3A16DD44B3}.Release|x64.Build.0 = Release|x64
		{C10EC62B-3687-4BCC-A25B-2E3A16DD44B3}.Release|x86.ActiveCfg = Release|Win32
		{C10EC62B-3687-4BCC-A25B-2E3A16DD44B3}.Release|x86.Build.0 = Release|Win32
		{1A54DCB3-6DE8-484C-9A34-98044375B9D5}.Debug|x64.ActiveCfg = Debug|x64
		{1A54DCB3-6DE8-484C-9A34-98044375B9D5}.Debug|x64.Build.0 = Debug|x64
		{1A54DCB3-6DE8-484C-9A34-98044375B9D5}.Debug|x86.ActiveCfg = Debug|Win32
		{1A54DCB3-6DE8-484C-9A34-98044375B9D5}.Debug|x86.Build.0 = Debug|Win32
		{1A54DCB3-6DE8-484C-9A34-98044375B9D5}.Release|x64.ActiveCfg = Release|x64
		{1A54DCB3-6DE8-484C-9A34-98044375B9D5}.Release|x64.Build.0 = Release|x64
		{1A54DCB3-6DE8-484C-9A34-98044375B9D5}.Release|x86.ActiveCfg = Release|Win32
		{1A54DCB3-6DE8-484C-9A34-98044375B9D5}.Release|x86.Build.0 = Release|Win32
	EndGlobalSection
	GlobalSection(SolutionProperties) = preSolution
		HideSolutionNode = FALSE
	EndGlobalSection
	GlobalSection(ExtensibilityGlobals) = postSolution
		SolutionGuid = {A14C2E02-B813-4E43-A14A-9BC7EDDB0DD0}
	EndGlobalSection
EndGlobal
